
Microsoft Visual Studio Solution File, Format Version 12.00
# Visual Studio Version 17
VisualStudioVersion = 17.8.34316.72
MinimumVisualStudioVersion = 10.0.40219.1
Project("{FAE04EC0-301F-11D3-BF4B-00C04F79EFBC}") = "GitResetTut", "GitResetTut\GitResetTut.csproj", "{C8B3137A-92C7-4C5F-AB5E-214A9053636D}"
EndProject
Global
	GlobalSection(SolutionConfigurationPlatforms) = preSolution
		Debug|Any CPU = Debug|Any CPU
		Release|Any CPU = Release|Any CPU
	EndGlobalSection
	GlobalSection(ProjectConfigurationPlatforms) = postSolution
		{C8B3137A-92C7-4C5F-AB5E-214A9053636D}.Debug|Any CPU.ActiveCfg = Debug|Any CPU
		{C8B3137A-92C7-4C5F-AB5E-214A9053636D}.Debug|Any CPU.Build.0 = Debug|Any CPU
		{C8B3137A-92C7-4C5F-AB5E-214A9053636D}.Release|Any CPU.ActiveCfg = Release|Any CPU
		{C8B3137A-92C7-4C5F-AB5E-214A9053636D}.Release|Any CPU.Build.0 = Release|Any CPU
	EndGlobalSection
	GlobalSection(SolutionProperties) = preSolution
		HideSolutionNode = FALSE
	EndGlobalSection
	GlobalSection(ExtensibilityGlobals) = postSolution
		SolutionGuid = {57B95A95-CD8F-4557-BE77-E59F759CC037}
	EndGlobalSection
EndGlobal
